
Microsoft Visual Studio Solution File, Format Version 12.00
# Visual Studio 15
VisualStudioVersion = 15.0.27428.2005
MinimumVisualStudioVersion = 10.0.40219.1
Project("{FAE04EC0-301F-11D3-BF4B-00C04F79EFBC}") = "Euler9", "Euler9\Euler9.csproj", "{060ADFDC-F79C-4E49-B63C-D69D1714FA3A}"
EndProject
Global
	GlobalSection(SolutionConfigurationPlatforms) = preSolution
		Debug|Any CPU = Debug|Any CPU
		Release|Any CPU = Release|Any CPU
	EndGlobalSection
	GlobalSection(ProjectConfigurationPlatforms) = postSolution
		{060ADFDC-F79C-4E49-B63C-D69D1714FA3A}.Debug|Any CPU.ActiveCfg = Debug|Any CPU
		{060ADFDC-F79C-4E49-B63C-D69D1714FA3A}.Debug|Any CPU.Build.0 = Debug|Any CPU
		{060ADFDC-F79C-4E49-B63C-D69D1714FA3A}.Release|Any CPU.ActiveCfg = Release|Any CPU
		{060ADFDC-F79C-4E49-B63C-D69D1714FA3A}.Release|Any CPU.Build.0 = Release|Any CPU
	EndGlobalSection
	GlobalSection(SolutionProperties) = preSolution
		HideSolutionNode = FALSE
	EndGlobalSection
	GlobalSection(ExtensibilityGlobals) = postSolution
		SolutionGuid = {803D40E1-E614-4544-8D58-31ED68DCCA1A}
	EndGlobalSection
EndGlobal
