
Microsoft Visual Studio Solution File, Format Version 12.00
# Visual Studio 15
VisualStudioVersion = 15.0.27428.2005
MinimumVisualStudioVersion = 10.0.40219.1
Project("{FAE04EC0-301F-11D3-BF4B-00C04F79EFBC}") = "Euler8", "Euler8\Euler8.csproj", "{A790B301-D063-4A0F-9901-389FE11893F7}"
EndProject
Global
	GlobalSection(SolutionConfigurationPlatforms) = preSolution
		Debug|Any CPU = Debug|Any CPU
		Release|Any CPU = Release|Any CPU
	EndGlobalSection
	GlobalSection(ProjectConfigurationPlatforms) = postSolution
		{A790B301-D063-4A0F-9901-389FE11893F7}.Debug|Any CPU.ActiveCfg = Debug|Any CPU
		{A790B301-D063-4A0F-9901-389FE11893F7}.Debug|Any CPU.Build.0 = Debug|Any CPU
		{A790B301-D063-4A0F-9901-389FE11893F7}.Release|Any CPU.ActiveCfg = Release|Any CPU
		{A790B301-D063-4A0F-9901-389FE11893F7}.Release|Any CPU.Build.0 = Release|Any CPU
	EndGlobalSection
	GlobalSection(SolutionProperties) = preSolution
		HideSolutionNode = FALSE
	EndGlobalSection
	GlobalSection(ExtensibilityGlobals) = postSolution
		SolutionGuid = {7A43A94A-9104-4124-978F-4A03A313D59C}
	EndGlobalSection
EndGlobal
