
Microsoft Visual Studio Solution File, Format Version 12.00
# Visual Studio 15
VisualStudioVersion = 15.0.27428.2005
MinimumVisualStudioVersion = 10.0.40219.1
Project("{FAE04EC0-301F-11D3-BF4B-00C04F79EFBC}") = "Euler6", "Euler6\Euler6.csproj", "{18B71A2D-7511-40F4-B437-5F4CED534EBB}"
EndProject
Global
	GlobalSection(SolutionConfigurationPlatforms) = preSolution
		Debug|Any CPU = Debug|Any CPU
		Release|Any CPU = Release|Any CPU
	EndGlobalSection
	GlobalSection(ProjectConfigurationPlatforms) = postSolution
		{18B71A2D-7511-40F4-B437-5F4CED534EBB}.Debug|Any CPU.ActiveCfg = Debug|Any CPU
		{18B71A2D-7511-40F4-B437-5F4CED534EBB}.Debug|Any CPU.Build.0 = Debug|Any CPU
		{18B71A2D-7511-40F4-B437-5F4CED534EBB}.Release|Any CPU.ActiveCfg = Release|Any CPU
		{18B71A2D-7511-40F4-B437-5F4CED534EBB}.Release|Any CPU.Build.0 = Release|Any CPU
	EndGlobalSection
	GlobalSection(SolutionProperties) = preSolution
		HideSolutionNode = FALSE
	EndGlobalSection
	GlobalSection(ExtensibilityGlobals) = postSolution
		SolutionGuid = {B8E89B84-7CD1-4A87-87D5-A123CA0E569B}
	EndGlobalSection
EndGlobal
